
Microsoft Visual Studio Solution File, Format Version 12.00
# Visual Studio 15
VisualStudioVersion = 15.0.26730.16
MinimumVisualStudioVersion = 10.0.40219.1
Project("{FAE04EC0-301F-11D3-BF4B-00C04F79EFBC}") = "Calculator", "Calculator\Calculator.csproj", "{6792323E-D193-4CC9-BDA8-8AA1020C9DFD}"
EndProject
Project("{FAE04EC0-301F-11D3-BF4B-00C04F79EFBC}") = "FunctionFramework", "FunctionFramework\FunctionFramework.csproj", "{107D33E7-868C-40A8-9311-42C33368E9B6}"
EndProject
Global
	GlobalSection(SolutionConfigurationPlatforms) = preSolution
		Debug|Any CPU = Debug|Any CPU
		Release|Any CPU = Release|Any CPU
	EndGlobalSection
	GlobalSection(ProjectConfigurationPlatforms) = postSolution
		{6792323E-D193-4CC9-BDA8-8AA1020C9DFD}.Debug|Any CPU.ActiveCfg = Debug|Any CPU
		{6792323E-D193-4CC9-BDA8-8AA1020C9DFD}.Debug|Any CPU.Build.0 = Debug|Any CPU
		{6792323E-D193-4CC9-BDA8-8AA1020C9DFD}.Release|Any CPU.ActiveCfg = Release|Any CPU
		{6792323E-D193-4CC9-BDA8-8AA1020C9DFD}.Release|Any CPU.Build.0 = Release|Any CPU
		{107D33E7-868C-40A8-9311-42C33368E9B6}.Debug|Any CPU.ActiveCfg = Debug|Any CPU
		{107D33E7-868C-40A8-9311-42C33368E9B6}.Debug|Any CPU.Build.0 = Debug|Any CPU
		{107D33E7-868C-40A8-9311-42C33368E9B6}.Release|Any CPU.ActiveCfg = Release|Any CPU
		{107D33E7-868C-40A8-9311-42C33368E9B6}.Release|Any CPU.Build.0 = Release|Any CPU
	EndGlobalSection
	GlobalSection(SolutionProperties) = preSolution
		HideSolutionNode = FALSE
	EndGlobalSection
	GlobalSection(ExtensibilityGlobals) = postSolution
		SolutionGuid = {F5B9160B-AA34-4765-BB89-CEDCA1EA3432}
	EndGlobalSection
EndGlobal
